
Microsoft Visual Studio Solution File, Format Version 12.00
Project("{FAE04EC0-301F-11D3-BF4B-00C04F79EFBC}") = "Timesheet", "Timesheet\Timesheet.csproj", "{9B911074-CD50-4A96-965A-EF89A65FA47D}"
EndProject
Global
	GlobalSection(SolutionConfigurationPlatforms) = preSolution
		Debug|Any CPU = Debug|Any CPU
		Release|Any CPU = Release|Any CPU
	EndGlobalSection
	GlobalSection(ProjectConfigurationPlatforms) = postSolution
		{9B911074-CD50-4A96-965A-EF89A65FA47D}.Debug|Any CPU.ActiveCfg = Debug|Any CPU
		{9B911074-CD50-4A96-965A-EF89A65FA47D}.Debug|Any CPU.Build.0 = Debug|Any CPU
		{9B911074-CD50-4A96-965A-EF89A65FA47D}.Release|Any CPU.ActiveCfg = Release|Any CPU
		{9B911074-CD50-4A96-965A-EF89A65FA47D}.Release|Any CPU.Build.0 = Release|Any CPU
	EndGlobalSection
EndGlobal
